
Microsoft Visual Studio Solution File, Format Version 12.00
# Visual Studio Version 16
VisualStudioVersion = 16.0.33529.622
MinimumVisualStudioVersion = 10.0.40219.1
Project("{FAE04EC0-301F-11D3-BF4B-00C04F79EFBC}") = "Problem01", "Problem01\Problem01.csproj", "{4CE02C0E-3075-4666-AB23-79E3AAADB817}"
EndProject
Global
	GlobalSection(SolutionConfigurationPlatforms) = preSolution
		Debug|Any CPU = Debug|Any CPU
		Release|Any CPU = Release|Any CPU
	EndGlobalSection
	GlobalSection(ProjectConfigurationPlatforms) = postSolution
		{4CE02C0E-3075-4666-AB23-79E3AAADB817}.Debug|Any CPU.ActiveCfg = Debug|Any CPU
		{4CE02C0E-3075-4666-AB23-79E3AAADB817}.Debug|Any CPU.Build.0 = Debug|Any CPU
		{4CE02C0E-3075-4666-AB23-79E3AAADB817}.Release|Any CPU.ActiveCfg = Release|Any CPU
		{4CE02C0E-3075-4666-AB23-79E3AAADB817}.Release|Any CPU.Build.0 = Release|Any CPU
	EndGlobalSection
	GlobalSection(SolutionProperties) = preSolution
		HideSolutionNode = FALSE
	EndGlobalSection
	GlobalSection(ExtensibilityGlobals) = postSolution
		SolutionGuid = {10370D17-626C-4FAA-91D3-7DEBCDA4A76E}
	EndGlobalSection
EndGlobal
