
Microsoft Visual Studio Solution File, Format Version 12.00
# Visual Studio Version 16
VisualStudioVersion = 16.0.33529.622
MinimumVisualStudioVersion = 10.0.40219.1
Project("{FAE04EC0-301F-11D3-BF4B-00C04F79EFBC}") = "Task02", "Task02\Task02.csproj", "{69F6F0A9-543A-4159-BB5D-4DC321D58B5E}"
EndProject
Global
	GlobalSection(SolutionConfigurationPlatforms) = preSolution
		Debug|Any CPU = Debug|Any CPU
		Release|Any CPU = Release|Any CPU
	EndGlobalSection
	GlobalSection(ProjectConfigurationPlatforms) = postSolution
		{69F6F0A9-543A-4159-BB5D-4DC321D58B5E}.Debug|Any CPU.ActiveCfg = Debug|Any CPU
		{69F6F0A9-543A-4159-BB5D-4DC321D58B5E}.Debug|Any CPU.Build.0 = Debug|Any CPU
		{69F6F0A9-543A-4159-BB5D-4DC321D58B5E}.Release|Any CPU.ActiveCfg = Release|Any CPU
		{69F6F0A9-543A-4159-BB5D-4DC321D58B5E}.Release|Any CPU.Build.0 = Release|Any CPU
	EndGlobalSection
	GlobalSection(SolutionProperties) = preSolution
		HideSolutionNode = FALSE
	EndGlobalSection
	GlobalSection(ExtensibilityGlobals) = postSolution
		SolutionGuid = {CAAED1F9-5615-4A59-947E-286B2ED7BFD3}
	EndGlobalSection
EndGlobal
